
Microsoft Visual Studio Solution File, Format Version 12.00
# Visual Studio 15
VisualStudioVersion = 15.0.26124.0
MinimumVisualStudioVersion = 15.0.26124.0
Project("{FAE04EC0-301F-11D3-BF4B-00C04F79EFBC}") = "Storage", "Storage\Storage.csproj", "{D04115A1-FD3A-4BC8-9748-4EC8358A4441}"
EndProject
Project("{F2A71F9B-5D33-465A-A702-920D77279786}") = "Contexts", "Contexts\Contexts.fsproj", "{EAFF61BD-DD2C-4348-8BAC-B9EC69DB3813}"
EndProject
Project("{F2A71F9B-5D33-465A-A702-920D77279786}") = "Utils", "Utils\Utils.fsproj", "{73394F8C-0341-4033-94D6-A5329D062015}"
EndProject
Project("{F2A71F9B-5D33-465A-A702-920D77279786}") = "Model", "Model\Model.fsproj", "{9E65829A-A433-4128-95EE-BBE9DA448B3B}"
EndProject
Project("{F2A71F9B-5D33-465A-A702-920D77279786}") = "WebApi", "WebApi\WebApi.fsproj", "{8ECDD95D-D91A-49E2-9993-16078955F01B}"
EndProject
Project("{FAE04EC0-301F-11D3-BF4B-00C04F79EFBC}") = "IdentityServer", "IdentityServer\IdentityServer.csproj", "{47BD09EA-59E2-4704-9D4B-0B20485E2EC5}"
EndProject
Project("{F2A71F9B-5D33-465A-A702-920D77279786}") = "Services", "Services\Services.fsproj", "{982764DE-A565-4C2D-843F-54290D834B8A}"
EndProject
Project("{F2A71F9B-5D33-465A-A702-920D77279786}") = "DatabaseTypes", "DatabaseTypes\DatabaseTypes.fsproj", "{61D87F55-179A-45A1-A61B-2F31B5BB2D35}"
EndProject
Project("{F2A71F9B-5D33-465A-A702-920D77279786}") = "CodeGeneratorContext", "CodeGeneratorContext\CodeGeneratorContext.fsproj", "{1EF35C1A-F007-4A08-A6CF-F0217BB06015}"
EndProject
Project("{F2A71F9B-5D33-465A-A702-920D77279786}") = "CSharpGenerator", "CSharpGenerator\CSharpGenerator.fsproj", "{9CE138B0-B07B-4ECB-A44F-F894896D6650}"
EndProject
Global
	GlobalSection(SolutionConfigurationPlatforms) = preSolution
		Debug|Any CPU = Debug|Any CPU
		Debug|x64 = Debug|x64
		Debug|x86 = Debug|x86
		Release|Any CPU = Release|Any CPU
		Release|x64 = Release|x64
		Release|x86 = Release|x86
	EndGlobalSection
	GlobalSection(SolutionProperties) = preSolution
		HideSolutionNode = FALSE
	EndGlobalSection
	GlobalSection(ProjectConfigurationPlatforms) = postSolution
		{D04115A1-FD3A-4BC8-9748-4EC8358A4441}.Debug|Any CPU.ActiveCfg = Debug|Any CPU
		{D04115A1-FD3A-4BC8-9748-4EC8358A4441}.Debug|Any CPU.Build.0 = Debug|Any CPU
		{D04115A1-FD3A-4BC8-9748-4EC8358A4441}.Debug|x64.ActiveCfg = Debug|Any CPU
		{D04115A1-FD3A-4BC8-9748-4EC8358A4441}.Debug|x64.Build.0 = Debug|Any CPU
		{D04115A1-FD3A-4BC8-9748-4EC8358A4441}.Debug|x86.ActiveCfg = Debug|Any CPU
		{D04115A1-FD3A-4BC8-9748-4EC8358A4441}.Debug|x86.Build.0 = Debug|Any CPU
		{D04115A1-FD3A-4BC8-9748-4EC8358A4441}.Release|Any CPU.ActiveCfg = Release|Any CPU
		{D04115A1-FD3A-4BC8-9748-4EC8358A4441}.Release|Any CPU.Build.0 = Release|Any CPU
		{D04115A1-FD3A-4BC8-9748-4EC8358A4441}.Release|x64.ActiveCfg = Release|Any CPU
		{D04115A1-FD3A-4BC8-9748-4EC8358A4441}.Release|x64.Build.0 = Release|Any CPU
		{D04115A1-FD3A-4BC8-9748-4EC8358A4441}.Release|x86.ActiveCfg = Release|Any CPU
		{D04115A1-FD3A-4BC8-9748-4EC8358A4441}.Release|x86.Build.0 = Release|Any CPU
		{EAFF61BD-DD2C-4348-8BAC-B9EC69DB3813}.Debug|Any CPU.ActiveCfg = Debug|Any CPU
		{EAFF61BD-DD2C-4348-8BAC-B9EC69DB3813}.Debug|Any CPU.Build.0 = Debug|Any CPU
		{EAFF61BD-DD2C-4348-8BAC-B9EC69DB3813}.Debug|x64.ActiveCfg = Debug|Any CPU
		{EAFF61BD-DD2C-4348-8BAC-B9EC69DB3813}.Debug|x64.Build.0 = Debug|Any CPU
		{EAFF61BD-DD2C-4348-8BAC-B9EC69DB3813}.Debug|x86.ActiveCfg = Debug|Any CPU
		{EAFF61BD-DD2C-4348-8BAC-B9EC69DB3813}.Debug|x86.Build.0 = Debug|Any CPU
		{EAFF61BD-DD2C-4348-8BAC-B9EC69DB3813}.Release|Any CPU.ActiveCfg = Release|Any CPU
		{EAFF61BD-DD2C-4348-8BAC-B9EC69DB3813}.Release|Any CPU.Build.0 = Release|Any CPU
		{EAFF61BD-DD2C-4348-8BAC-B9EC69DB3813}.Release|x64.ActiveCfg = Release|Any CPU
		{EAFF61BD-DD2C-4348-8BAC-B9EC69DB3813}.Release|x64.Build.0 = Release|Any CPU
		{EAFF61BD-DD2C-4348-8BAC-B9EC69DB3813}.Release|x86.ActiveCfg = Release|Any CPU
		{EAFF61BD-DD2C-4348-8BAC-B9EC69DB3813}.Release|x86.Build.0 = Release|Any CPU
		{73394F8C-0341-4033-94D6-A5329D062015}.Debug|Any CPU.ActiveCfg = Debug|Any CPU
		{73394F8C-0341-4033-94D6-A5329D062015}.Debug|Any CPU.Build.0 = Debug|Any CPU
		{73394F8C-0341-4033-94D6-A5329D062015}.Debug|x64.ActiveCfg = Debug|Any CPU
		{73394F8C-0341-4033-94D6-A5329D062015}.Debug|x64.Build.0 = Debug|Any CPU
		{73394F8C-0341-4033-94D6-A5329D062015}.Debug|x86.ActiveCfg = Debug|Any CPU
		{73394F8C-0341-4033-94D6-A5329D062015}.Debug|x86.Build.0 = Debug|Any CPU
		{73394F8C-0341-4033-94D6-A5329D062015}.Release|Any CPU.ActiveCfg = Release|Any CPU
		{73394F8C-0341-4033-94D6-A5329D062015}.Release|Any CPU.Build.0 = Release|Any CPU
		{73394F8C-0341-4033-94D6-A5329D062015}.Release|x64.ActiveCfg = Release|Any CPU
		{73394F8C-0341-4033-94D6-A5329D062015}.Release|x64.Build.0 = Release|Any CPU
		{73394F8C-0341-4033-94D6-A5329D062015}.Release|x86.ActiveCfg = Release|Any CPU
		{73394F8C-0341-4033-94D6-A5329D062015}.Release|x86.Build.0 = Release|Any CPU
		{9E65829A-A433-4128-95EE-BBE9DA448B3B}.Debug|Any CPU.ActiveCfg = Debug|Any CPU
		{9E65829A-A433-4128-95EE-BBE9DA448B3B}.Debug|Any CPU.Build.0 = Debug|Any CPU
		{9E65829A-A433-4128-95EE-BBE9DA448B3B}.Debug|x64.ActiveCfg = Debug|Any CPU
		{9E65829A-A433-4128-95EE-BBE9DA448B3B}.Debug|x64.Build.0 = Debug|Any CPU
		{9E65829A-A433-4128-95EE-BBE9DA448B3B}.Debug|x86.ActiveCfg = Debug|Any CPU
		{9E65829A-A433-4128-95EE-BBE9DA448B3B}.Debug|x86.Build.0 = Debug|Any CPU
		{9E65829A-A433-4128-95EE-BBE9DA448B3B}.Release|Any CPU.ActiveCfg = Release|Any CPU
		{9E65829A-A433-4128-95EE-BBE9DA448B3B}.Release|Any CPU.Build.0 = Release|Any CPU
		{9E65829A-A433-4128-95EE-BBE9DA448B3B}.Release|x64.ActiveCfg = Release|Any CPU
		{9E65829A-A433-4128-95EE-BBE9DA448B3B}.Release|x64.Build.0 = Release|Any CPU
		{9E65829A-A433-4128-95EE-BBE9DA448B3B}.Release|x86.ActiveCfg = Release|Any CPU
		{9E65829A-A433-4128-95EE-BBE9DA448B3B}.Release|x86.Build.0 = Release|Any CPU
		{8ECDD95D-D91A-49E2-9993-16078955F01B}.Debug|Any CPU.ActiveCfg = Debug|Any CPU
		{8ECDD95D-D91A-49E2-9993-16078955F01B}.Debug|Any CPU.Build.0 = Debug|Any CPU
		{8ECDD95D-D91A-49E2-9993-16078955F01B}.Debug|x64.ActiveCfg = Debug|Any CPU
		{8ECDD95D-D91A-49E2-9993-16078955F01B}.Debug|x64.Build.0 = Debug|Any CPU
		{8ECDD95D-D91A-49E2-9993-16078955F01B}.Debug|x86.ActiveCfg = Debug|Any CPU
		{8ECDD95D-D91A-49E2-9993-16078955F01B}.Debug|x86.Build.0 = Debug|Any CPU
		{8ECDD95D-D91A-49E2-9993-16078955F01B}.Release|Any CPU.ActiveCfg = Release|Any CPU
		{8ECDD95D-D91A-49E2-9993-16078955F01B}.Release|Any CPU.Build.0 = Release|Any CPU
		{8ECDD95D-D91A-49E2-9993-16078955F01B}.Release|x64.ActiveCfg = Release|Any CPU
		{8ECDD95D-D91A-49E2-9993-16078955F01B}.Release|x64.Build.0 = Release|Any CPU
		{8ECDD95D-D91A-49E2-9993-16078955F01B}.Release|x86.ActiveCfg = Release|Any CPU
		{8ECDD95D-D91A-49E2-9993-16078955F01B}.Release|x86.Build.0 = Release|Any CPU
		{D5067462-BCFF-425A-88FB-EFF5108FA49C}.Debug|Any CPU.ActiveCfg = Debug|Any CPU
		{D5067462-BCFF-425A-88FB-EFF5108FA49C}.Debug|Any CPU.Build.0 = Debug|Any CPU
		{D5067462-BCFF-425A-88FB-EFF5108FA49C}.Debug|x64.ActiveCfg = Debug|Any CPU
		{D5067462-BCFF-425A-88FB-EFF5108FA49C}.Debug|x64.Build.0 = Debug|Any CPU
		{D5067462-BCFF-425A-88FB-EFF5108FA49C}.Debug|x86.ActiveCfg = Debug|Any CPU
		{D5067462-BCFF-425A-88FB-EFF5108FA49C}.Debug|x86.Build.0 = Debug|Any CPU
		{D5067462-BCFF-425A-88FB-EFF5108FA49C}.Release|Any CPU.ActiveCfg = Release|Any CPU
		{D5067462-BCFF-425A-88FB-EFF5108FA49C}.Release|Any CPU.Build.0 = Release|Any CPU
		{D5067462-BCFF-425A-88FB-EFF5108FA49C}.Release|x64.ActiveCfg = Release|Any CPU
		{D5067462-BCFF-425A-88FB-EFF5108FA49C}.Release|x64.Build.0 = Release|Any CPU
		{D5067462-BCFF-425A-88FB-EFF5108FA49C}.Release|x86.ActiveCfg = Release|Any CPU
		{D5067462-BCFF-425A-88FB-EFF5108FA49C}.Release|x86.Build.0 = Release|Any CPU
		{47BD09EA-59E2-4704-9D4B-0B20485E2EC5}.Debug|Any CPU.ActiveCfg = Debug|Any CPU
		{47BD09EA-59E2-4704-9D4B-0B20485E2EC5}.Debug|Any CPU.Build.0 = Debug|Any CPU
		{47BD09EA-59E2-4704-9D4B-0B20485E2EC5}.Debug|x64.ActiveCfg = Debug|Any CPU
		{47BD09EA-59E2-4704-9D4B-0B20485E2EC5}.Debug|x64.Build.0 = Debug|Any CPU
		{47BD09EA-59E2-4704-9D4B-0B20485E2EC5}.Debug|x86.ActiveCfg = Debug|Any CPU
		{47BD09EA-59E2-4704-9D4B-0B20485E2EC5}.Debug|x86.Build.0 = Debug|Any CPU
		{47BD09EA-59E2-4704-9D4B-0B20485E2EC5}.Release|Any CPU.ActiveCfg = Release|Any CPU
		{47BD09EA-59E2-4704-9D4B-0B20485E2EC5}.Release|Any CPU.Build.0 = Release|Any CPU
		{47BD09EA-59E2-4704-9D4B-0B20485E2EC5}.Release|x64.ActiveCfg = Release|Any CPU
		{47BD09EA-59E2-4704-9D4B-0B20485E2EC5}.Release|x64.Build.0 = Release|Any CPU
		{47BD09EA-59E2-4704-9D4B-0B20485E2EC5}.Release|x86.ActiveCfg = Release|Any CPU
		{47BD09EA-59E2-4704-9D4B-0B20485E2EC5}.Release|x86.Build.0 = Release|Any CPU
		{982764DE-A565-4C2D-843F-54290D834B8A}.Debug|Any CPU.ActiveCfg = Debug|Any CPU
		{982764DE-A565-4C2D-843F-54290D834B8A}.Debug|Any CPU.Build.0 = Debug|Any CPU
		{982764DE-A565-4C2D-843F-54290D834B8A}.Debug|x64.ActiveCfg = Debug|Any CPU
		{982764DE-A565-4C2D-843F-54290D834B8A}.Debug|x64.Build.0 = Debug|Any CPU
		{982764DE-A565-4C2D-843F-54290D834B8A}.Debug|x86.ActiveCfg = Debug|Any CPU
		{982764DE-A565-4C2D-843F-54290D834B8A}.Debug|x86.Build.0 = Debug|Any CPU
		{982764DE-A565-4C2D-843F-54290D834B8A}.Release|Any CPU.ActiveCfg = Release|Any CPU
		{982764DE-A565-4C2D-843F-54290D834B8A}.Release|Any CPU.Build.0 = Release|Any CPU
		{982764DE-A565-4C2D-843F-54290D834B8A}.Release|x64.ActiveCfg = Release|Any CPU
		{982764DE-A565-4C2D-843F-54290D834B8A}.Release|x64.Build.0 = Release|Any CPU
		{982764DE-A565-4C2D-843F-54290D834B8A}.Release|x86.ActiveCfg = Release|Any CPU
		{982764DE-A565-4C2D-843F-54290D834B8A}.Release|x86.Build.0 = Release|Any CPU
		{61D87F55-179A-45A1-A61B-2F31B5BB2D35}.Debug|Any CPU.ActiveCfg = Debug|Any CPU
		{61D87F55-179A-45A1-A61B-2F31B5BB2D35}.Debug|Any CPU.Build.0 = Debug|Any CPU
		{61D87F55-179A-45A1-A61B-2F31B5BB2D35}.Debug|x64.ActiveCfg = Debug|Any CPU
		{61D87F55-179A-45A1-A61B-2F31B5BB2D35}.Debug|x64.Build.0 = Debug|Any CPU
		{61D87F55-179A-45A1-A61B-2F31B5BB2D35}.Debug|x86.ActiveCfg = Debug|Any CPU
		{61D87F55-179A-45A1-A61B-2F31B5BB2D35}.Debug|x86.Build.0 = Debug|Any CPU
		{61D87F55-179A-45A1-A61B-2F31B5BB2D35}.Release|Any CPU.ActiveCfg = Release|Any CPU
		{61D87F55-179A-45A1-A61B-2F31B5BB2D35}.Release|Any CPU.Build.0 = Release|Any CPU
		{61D87F55-179A-45A1-A61B-2F31B5BB2D35}.Release|x64.ActiveCfg = Release|Any CPU
		{61D87F55-179A-45A1-A61B-2F31B5BB2D35}.Release|x64.Build.0 = Release|Any CPU
		{61D87F55-179A-45A1-A61B-2F31B5BB2D35}.Release|x86.ActiveCfg = Release|Any CPU
		{61D87F55-179A-45A1-A61B-2F31B5BB2D35}.Release|x86.Build.0 = Release|Any CPU
		{1EF35C1A-F007-4A08-A6CF-F0217BB06015}.Debug|Any CPU.ActiveCfg = Debug|Any CPU
		{1EF35C1A-F007-4A08-A6CF-F0217BB06015}.Debug|Any CPU.Build.0 = Debug|Any CPU
		{1EF35C1A-F007-4A08-A6CF-F0217BB06015}.Debug|x64.ActiveCfg = Debug|Any CPU
		{1EF35C1A-F007-4A08-A6CF-F0217BB06015}.Debug|x64.Build.0 = Debug|Any CPU
		{1EF35C1A-F007-4A08-A6CF-F0217BB06015}.Debug|x86.ActiveCfg = Debug|Any CPU
		{1EF35C1A-F007-4A08-A6CF-F0217BB06015}.Debug|x86.Build.0 = Debug|Any CPU
		{1EF35C1A-F007-4A08-A6CF-F0217BB06015}.Release|Any CPU.ActiveCfg = Release|Any CPU
		{1EF35C1A-F007-4A08-A6CF-F0217BB06015}.Release|Any CPU.Build.0 = Release|Any CPU
		{1EF35C1A-F007-4A08-A6CF-F0217BB06015}.Release|x64.ActiveCfg = Release|Any CPU
		{1EF35C1A-F007-4A08-A6CF-F0217BB06015}.Release|x64.Build.0 = Release|Any CPU
		{1EF35C1A-F007-4A08-A6CF-F0217BB06015}.Release|x86.ActiveCfg = Release|Any CPU
		{1EF35C1A-F007-4A08-A6CF-F0217BB06015}.Release|x86.Build.0 = Release|Any CPU
		{9CE138B0-B07B-4ECB-A44F-F894896D6650}.Debug|Any CPU.ActiveCfg = Debug|Any CPU
		{9CE138B0-B07B-4ECB-A44F-F894896D6650}.Debug|Any CPU.Build.0 = Debug|Any CPU
		{9CE138B0-B07B-4ECB-A44F-F894896D6650}.Debug|x64.ActiveCfg = Debug|Any CPU
		{9CE138B0-B07B-4ECB-A44F-F894896D6650}.Debug|x64.Build.0 = Debug|Any CPU
		{9CE138B0-B07B-4ECB-A44F-F894896D6650}.Debug|x86.ActiveCfg = Debug|Any CPU
		{9CE138B0-B07B-4ECB-A44F-F894896D6650}.Debug|x86.Build.0 = Debug|Any CPU
		{9CE138B0-B07B-4ECB-A44F-F894896D6650}.Release|Any CPU.ActiveCfg = Release|Any CPU
		{9CE138B0-B07B-4ECB-A44F-F894896D6650}.Release|Any CPU.Build.0 = Release|Any CPU
		{9CE138B0-B07B-4ECB-A44F-F894896D6650}.Release|x64.ActiveCfg = Release|Any CPU
		{9CE138B0-B07B-4ECB-A44F-F894896D6650}.Release|x64.Build.0 = Release|Any CPU
		{9CE138B0-B07B-4ECB-A44F-F894896D6650}.Release|x86.ActiveCfg = Release|Any CPU
		{9CE138B0-B07B-4ECB-A44F-F894896D6650}.Release|x86.Build.0 = Release|Any CPU
	EndGlobalSection
EndGlobal
